
Microsoft Visual Studio Solution File, Format Version 12.00
# Visual Studio Version 16
VisualStudioVersion = 16.0.31624.102
MinimumVisualStudioVersion = 10.0.40219.1
Project("{FAE04EC0-301F-11D3-BF4B-00C04F79EFBC}") = "Hotel", "Hotel.csproj", "{A39C4024-3FA2-46E0-93FD-750ECBA90E5F}"
EndProject
Global
	GlobalSection(SolutionConfigurationPlatforms) = preSolution
		Debug|Any CPU = Debug|Any CPU
		Release|Any CPU = Release|Any CPU
	EndGlobalSection
	GlobalSection(ProjectConfigurationPlatforms) = postSolution
		{A39C4024-3FA2-46E0-93FD-750ECBA90E5F}.Debug|Any CPU.ActiveCfg = Debug|Any CPU
		{A39C4024-3FA2-46E0-93FD-750ECBA90E5F}.Debug|Any CPU.Build.0 = Debug|Any CPU
		{A39C4024-3FA2-46E0-93FD-750ECBA90E5F}.Release|Any CPU.ActiveCfg = Release|Any CPU
		{A39C4024-3FA2-46E0-93FD-750ECBA90E5F}.Release|Any CPU.Build.0 = Release|Any CPU
	EndGlobalSection
	GlobalSection(SolutionProperties) = preSolution
		HideSolutionNode = FALSE
	EndGlobalSection
	GlobalSection(ExtensibilityGlobals) = postSolution
		SolutionGuid = {F26F95AB-AD4C-4468-81D8-5FA929771381}
	EndGlobalSection
EndGlobal
